{
  "pins" : [
    {
      "identity" : "replaceablelogger",
      "kind" : "remoteSourceControl",
      "location" : "https://github.com/dc-nrx/ReplaceableLogger.git",
      "state" : {
        "revision" : "6afc19ce612bcf0ccf2a5338228388abb86c4507",
        "version" : "0.1.3"
      }
    }
  ],
  "version" : 2
}
